<?xml version="1.0" encoding="utf-8"?>
<Project ToolsVersion="4.0" xmlns="http://schemas.microsoft.com/developer/msbuild/2003">
  <ItemGroup>
    <Filter Include="Source Files">
      <UniqueIdentifier>{4FC737F1-C7A5-4376-A066-2A32D752A2FF}</UniqueIdentifier>
      <Extensions>cpp;c;cc;cxx;def;odl;idl;hpj;bat;asm;asmx</Extensions>
    </Filter>
    <Filter Include="Source Files\Basic Elements">
      <UniqueIdentifier>{eb506637-3491-4e26-8e57-005b228ba626}</UniqueIdentifier>
    </Filter>
    <Filter Include="Source Files\System">
      <UniqueIdentifier>{ef5c6bd3-72f6-4b8f-aca2-f681aba905df}</UniqueIdentifier>
    </Filter>
    <Filter Include="Source Files\OpenGL">
      <UniqueIdentifier>{b08f3c75-05d7-467e-ac21-13168ac20ce0}</UniqueIdentifier>
    </Filter>
    <Filter Include="Source Files\GameEngine">
      <UniqueIdentifier>{d1da0a8c-371d-4110-98a1-b55f75d7b880}</UniqueIdentifier>
    </Filter>
    <Filter Include="Source Files\Ugly Stuff! EEEEWWWWW!">
      <UniqueIdentifier>{5b1faa01-06d8-4cb6-8896-ee95ceb1240e}</UniqueIdentifier>
    </Filter>
    <Filter Include="Header Files">
      <UniqueIdentifier>{93995380-89BD-4b04-88EB-625FBE52EBFB}</UniqueIdentifier>
      <Extensions>h;hpp;hxx;hm;inl;inc;xsd</Extensions>
    </Filter>
    <Filter Include="Header Files\Basic Elements">
      <UniqueIdentifier>{e4a7f21a-fe00-4e7b-9ed0-b2251d0a64ca}</UniqueIdentifier>
    </Filter>
    <Filter Include="Header Files\Game Engine">
      <UniqueIdentifier>{4d8270c5-c74b-4310-b7b7-d7357d3f56b3}</UniqueIdentifier>
    </Filter>
    <Filter Include="Header Files\System">
      <UniqueIdentifier>{1342ee63-bca2-4435-80d3-285412f7cd49}</UniqueIdentifier>
    </Filter>
    <Filter Include="Header Files\OpenGL">
      <UniqueIdentifier>{b69f9db9-9df5-4679-9a6b-366d231210e9}</UniqueIdentifier>
    </Filter>
    <Filter Include="Header Files\Ugly Stuff that will be killed">
      <UniqueIdentifier>{ec4add43-537e-4567-8860-7cd32b4db1e8}</UniqueIdentifier>
    </Filter>
    <Filter Include="Resource Files">
      <UniqueIdentifier>{67DA6AB6-F800-4c08-8B7A-83BB121AAD01}</UniqueIdentifier>
      <Extensions>rc;ico;cur;bmp;dlg;rc2;rct;bin;rgs;gif;jpg;jpeg;jpe;resx;tiff;tif;png;wav</Extensions>
    </Filter>
  </ItemGroup>
  <ItemGroup>
    <ClCompile Include="Car.cpp">
      <Filter>Source Files</Filter>
    </ClCompile>
    <ClCompile Include="GameField.cpp">
      <Filter>Source Files</Filter>
    </ClCompile>
    <ClCompile Include="GameOverState.cpp">
      <Filter>Source Files</Filter>
    </ClCompile>
    <ClCompile Include="main.cpp">
      <Filter>Source Files</Filter>
    </ClCompile>
    <ClCompile Include="RFMainState.cpp">
      <Filter>Source Files</Filter>
    </ClCompile>
    <ClCompile Include="RFPlayer.cpp">
      <Filter>Source Files</Filter>
    </ClCompile>
    <ClCompile Include="RollingBall.cpp">
      <Filter>Source Files</Filter>
    </ClCompile>
    <ClCompile Include="TimeStar.cpp">
      <Filter>Source Files</Filter>
    </ClCompile>
    <ClCompile Include="Capsule.cpp">
      <Filter>Source Files\Basic Elements</Filter>
    </ClCompile>
    <ClCompile Include="LineSeg.cpp">
      <Filter>Source Files\Basic Elements</Filter>
    </ClCompile>
    <ClCompile Include="Matrix44.cpp">
      <Filter>Source Files\Basic Elements</Filter>
    </ClCompile>
    <ClCompile Include="Plane.cpp">
      <Filter>Source Files\Basic Elements</Filter>
    </ClCompile>
    <ClCompile Include="Quaternion.cpp">
      <Filter>Source Files\Basic Elements</Filter>
    </ClCompile>
    <ClCompile Include="Sphere.cpp">
      <Filter>Source Files\Basic Elements</Filter>
    </ClCompile>
    <ClCompile Include="DisplayManager.cpp">
      <Filter>Source Files\System</Filter>
    </ClCompile>
    <ClCompile Include="Err.cpp">
      <Filter>Source Files\System</Filter>
    </ClCompile>
    <ClCompile Include="FileManager.cpp">
      <Filter>Source Files\System</Filter>
    </ClCompile>
    <ClCompile Include="ManagedFile.cpp">
      <Filter>Source Files\System</Filter>
    </ClCompile>
    <ClCompile Include="SoundFX.cpp">
      <Filter>Source Files\System</Filter>
    </ClCompile>
    <ClCompile Include="SoundManager.cpp">
      <Filter>Source Files\System</Filter>
    </ClCompile>
    <ClCompile Include="StringProc.cpp">
      <Filter>Source Files\System</Filter>
    </ClCompile>
    <ClCompile Include="TTFManager.cpp">
      <Filter>Source Files\System</Filter>
    </ClCompile>
    <ClCompile Include="Billboard.cpp">
      <Filter>Source Files\OpenGL</Filter>
    </ClCompile>
    <ClCompile Include="Camera.cpp">
      <Filter>Source Files\OpenGL</Filter>
    </ClCompile>
    <ClCompile Include="Model.cpp">
      <Filter>Source Files\OpenGL</Filter>
    </ClCompile>
    <ClCompile Include="SDLImage.cpp">
      <Filter>Source Files\OpenGL</Filter>
    </ClCompile>
    <ClCompile Include="SDLRGBColour.cpp">
      <Filter>Source Files\OpenGL</Filter>
    </ClCompile>
    <ClCompile Include="SDLTTF.cpp">
      <Filter>Source Files\OpenGL</Filter>
    </ClCompile>
    <ClCompile Include="Texture.cpp">
      <Filter>Source Files\OpenGL</Filter>
    </ClCompile>
    <ClCompile Include="Vertex.cpp">
      <Filter>Source Files\OpenGL</Filter>
    </ClCompile>
    <ClCompile Include="ConfigLoader.cpp">
      <Filter>Source Files\GameEngine</Filter>
    </ClCompile>
    <ClCompile Include="EventHandler.cpp">
      <Filter>Source Files\GameEngine</Filter>
    </ClCompile>
    <ClCompile Include="Game.cpp">
      <Filter>Source Files\GameEngine</Filter>
    </ClCompile>
    <ClCompile Include="Timeline.cpp">
      <Filter>Source Files\GameEngine</Filter>
    </ClCompile>
    <ClCompile Include="glm.c">
      <Filter>Source Files\Ugly Stuff! EEEEWWWWW!</Filter>
    </ClCompile>
    <ClCompile Include="glm_util.c">
      <Filter>Source Files\Ugly Stuff! EEEEWWWWW!</Filter>
    </ClCompile>
    <ClCompile Include="GLMesh.cpp">
      <Filter>Source Files\Ugly Stuff! EEEEWWWWW!</Filter>
    </ClCompile>
    <ClCompile Include="glmimg.c">
      <Filter>Source Files\Ugly Stuff! EEEEWWWWW!</Filter>
    </ClCompile>
    <ClCompile Include="glmimg_sdl.c">
      <Filter>Source Files\Ugly Stuff! EEEEWWWWW!</Filter>
    </ClCompile>
  </ItemGroup>
  <ItemGroup>
    <ClInclude Include="Car.h">
      <Filter>Header Files</Filter>
    </ClInclude>
    <ClInclude Include="GameField.h">
      <Filter>Header Files</Filter>
    </ClInclude>
    <ClInclude Include="GameOverState.h">
      <Filter>Header Files</Filter>
    </ClInclude>
    <ClInclude Include="RFMainState.h">
      <Filter>Header Files</Filter>
    </ClInclude>
    <ClInclude Include="RFPlayer.h">
      <Filter>Header Files</Filter>
    </ClInclude>
    <ClInclude Include="RollingBall.h">
      <Filter>Header Files</Filter>
    </ClInclude>
    <ClInclude Include="SplashState.h">
      <Filter>Header Files</Filter>
    </ClInclude>
    <ClInclude Include="TimeStar.h">
      <Filter>Header Files</Filter>
    </ClInclude>
    <ClInclude Include="BoundingBox.h">
      <Filter>Header Files\Basic Elements</Filter>
    </ClInclude>
    <ClInclude Include="Capsule.h">
      <Filter>Header Files\Basic Elements</Filter>
    </ClInclude>
    <ClInclude Include="LineSeg.h">
      <Filter>Header Files\Basic Elements</Filter>
    </ClInclude>
    <ClInclude Include="Matrix44.h">
      <Filter>Header Files\Basic Elements</Filter>
    </ClInclude>
    <ClInclude Include="Plane.h">
      <Filter>Header Files\Basic Elements</Filter>
    </ClInclude>
    <ClInclude Include="Quaternion.h">
      <Filter>Header Files\Basic Elements</Filter>
    </ClInclude>
    <ClInclude Include="Rect.h">
      <Filter>Header Files\Basic Elements</Filter>
    </ClInclude>
    <ClInclude Include="Sphere.h">
      <Filter>Header Files\Basic Elements</Filter>
    </ClInclude>
    <ClInclude Include="Vec2.h">
      <Filter>Header Files\Basic Elements</Filter>
    </ClInclude>
    <ClInclude Include="Vec3.h">
      <Filter>Header Files\Basic Elements</Filter>
    </ClInclude>
    <ClInclude Include="Vec4.h">
      <Filter>Header Files\Basic Elements</Filter>
    </ClInclude>
    <ClInclude Include="CollisionSystem.h">
      <Filter>Header Files\Game Engine</Filter>
    </ClInclude>
    <ClInclude Include="ConfigLoader.h">
      <Filter>Header Files\Game Engine</Filter>
    </ClInclude>
    <ClInclude Include="EventHandler.h">
      <Filter>Header Files\Game Engine</Filter>
    </ClInclude>
    <ClInclude Include="Game.h">
      <Filter>Header Files\Game Engine</Filter>
    </ClInclude>
    <ClInclude Include="GameObject.h">
      <Filter>Header Files\Game Engine</Filter>
    </ClInclude>
    <ClInclude Include="GameState.h">
      <Filter>Header Files\Game Engine</Filter>
    </ClInclude>
    <ClInclude Include="Octree.h">
      <Filter>Header Files\Game Engine</Filter>
    </ClInclude>
    <ClInclude Include="Timeline.h">
      <Filter>Header Files\Game Engine</Filter>
    </ClInclude>
    <ClInclude Include="TimelineKey.h">
      <Filter>Header Files\Game Engine</Filter>
    </ClInclude>
    <ClInclude Include="VoxelGrid.h">
      <Filter>Header Files\Game Engine</Filter>
    </ClInclude>
    <ClInclude Include="DisplayManager.h">
      <Filter>Header Files\System</Filter>
    </ClInclude>
    <ClInclude Include="Err.h">
      <Filter>Header Files\System</Filter>
    </ClInclude>
    <ClInclude Include="Factory.h">
      <Filter>Header Files\System</Filter>
    </ClInclude>
    <ClInclude Include="FileManager.h">
      <Filter>Header Files\System</Filter>
    </ClInclude>
    <ClInclude Include="ManagedFile.h">
      <Filter>Header Files\System</Filter>
    </ClInclude>
    <ClInclude Include="Memory.h">
      <Filter>Header Files\System</Filter>
    </ClInclude>
    <ClInclude Include="SDLTTF.h">
      <Filter>Header Files\System</Filter>
    </ClInclude>
    <ClInclude Include="SoundFX.h">
      <Filter>Header Files\System</Filter>
    </ClInclude>
    <ClInclude Include="SoundManager.h">
      <Filter>Header Files\System</Filter>
    </ClInclude>
    <ClInclude Include="StringProc.h">
      <Filter>Header Files\System</Filter>
    </ClInclude>
    <ClInclude Include="TTFManager.h">
      <Filter>Header Files\System</Filter>
    </ClInclude>
    <ClInclude Include="Billboard.h">
      <Filter>Header Files\OpenGL</Filter>
    </ClInclude>
    <ClInclude Include="Camera.h">
      <Filter>Header Files\OpenGL</Filter>
    </ClInclude>
    <ClInclude Include="Colour.h">
      <Filter>Header Files\OpenGL</Filter>
    </ClInclude>
    <ClInclude Include="Model.h">
      <Filter>Header Files\OpenGL</Filter>
    </ClInclude>
    <ClInclude Include="ModelLoader.h">
      <Filter>Header Files\OpenGL</Filter>
    </ClInclude>
    <ClInclude Include="OBJLoader.h">
      <Filter>Header Files\OpenGL</Filter>
    </ClInclude>
    <ClInclude Include="SDLImage.h">
      <Filter>Header Files\OpenGL</Filter>
    </ClInclude>
    <ClInclude Include="SDLRGBAColour.h">
      <Filter>Header Files\OpenGL</Filter>
    </ClInclude>
    <ClInclude Include="SDLRGBColour.h">
      <Filter>Header Files\OpenGL</Filter>
    </ClInclude>
    <ClInclude Include="Texture.h">
      <Filter>Header Files\OpenGL</Filter>
    </ClInclude>
    <ClInclude Include="Tri.h">
      <Filter>Header Files\OpenGL</Filter>
    </ClInclude>
    <ClInclude Include="Vertex.h">
      <Filter>Header Files\OpenGL</Filter>
    </ClInclude>
    <ClInclude Include="Viewport.h">
      <Filter>Header Files\OpenGL</Filter>
    </ClInclude>
    <ClInclude Include="glm.h">
      <Filter>Header Files\Ugly Stuff that will be killed</Filter>
    </ClInclude>
    <ClInclude Include="GLMesh.h">
      <Filter>Header Files\Ugly Stuff that will be killed</Filter>
    </ClInclude>
    <ClInclude Include="glmint.h">
      <Filter>Header Files\Ugly Stuff that will be killed</Filter>
    </ClInclude>
  </ItemGroup>
  <ItemGroup>
    <Font Include="arial.ttf">
      <Filter>Resource Files</Filter>
    </Font>
    <Font Include="BankGothic-Regular.ttf">
      <Filter>Resource Files</Filter>
    </Font>
  </ItemGroup>
  <ItemGroup>
    <Image Include="gameover.jpg">
      <Filter>Resource Files</Filter>
    </Image>
    <Image Include="zzwolf1.tif">
      <Filter>Resource Files</Filter>
    </Image>
  </ItemGroup>
  <ItemGroup>
    <Library Include="C:\Work\SDL\lib\SDL.lib" />
    <Library Include="C:\Work\SDL\lib\SDL_image.lib" />
    <Library Include="C:\Work\SDL\lib\SDL_mixer.lib" />
    <Library Include="C:\Work\SDL\lib\SDL_ttf.lib" />
    <Library Include="C:\Work\SDL\lib\SDLmain.lib" />
  </ItemGroup>
</Project>